PODS:
  - Alamofire (5.2.2)
  - IQKeyboardManager (6.5.6)
  - PKHUD (5.3.0)

DEPENDENCIES:
  - Alamofire
  - IQKeyboardManager
  - PKHUD

SPEC REPOS:
  trunk:
    - Alamofire
    - IQKeyboardManager
    - PKHUD

SPEC CHECKSUMS:
  Alamofire: 814429acc853c6c54ff123fc3d2ef66803823ce0
  IQKeyboardManager: 2a6e97afdafc7becf0cb17a9a8d795e3a980717f
  PKHUD: 98f3e4bc904b9c916f1c5bb6d765365b5357291b

PODFILE CHECKSUM: 0647262a280e38de7d0f5c9c3f8ef42445f3084b

COCOAPODS: 1.9.3
